
Microsoft Visual Studio Solution File, Format Version 12.00
# Visual Studio Version 16
VisualStudioVersion = 16.0.30621.155
MinimumVisualStudioVersion = 10.0.40219.1
Project("{8BC9CEB8-8B4A-11D0-8D11-00A0C91BC942}") = "Lab_4.7", "Lab_4.7.vcxproj", "{195B9110-2D6A-49DA-A48F-68B29F7C8516}"
EndProject
Global
	GlobalSection(SolutionConfigurationPlatforms) = preSolution
		Debug|x64 = Debug|x64
		Debug|x86 = Debug|x86
		Release|x64 = Release|x64
		Release|x86 = Release|x86
	EndGlobalSection
	GlobalSection(ProjectConfigurationPlatforms) = postSolution
		{195B9110-2D6A-49DA-A48F-68B29F7C8516}.Debug|x64.ActiveCfg = Debug|x64
		{195B9110-2D6A-49DA-A48F-68B29F7C8516}.Debug|x64.Build.0 = Debug|x64
		{195B9110-2D6A-49DA-A48F-68B29F7C8516}.Debug|x86.ActiveCfg = Debug|Win32
		{195B9110-2D6A-49DA-A48F-68B29F7C8516}.Debug|x86.Build.0 = Debug|Win32
		{195B9110-2D6A-49DA-A48F-68B29F7C8516}.Release|x64.ActiveCfg = Release|x64
		{195B9110-2D6A-49DA-A48F-68B29F7C8516}.Release|x64.Build.0 = Release|x64
		{195B9110-2D6A-49DA-A48F-68B29F7C8516}.Release|x86.ActiveCfg = Release|Win32
		{195B9110-2D6A-49DA-A48F-68B29F7C8516}.Release|x86.Build.0 = Release|Win32
	EndGlobalSection
	GlobalSection(SolutionProperties) = preSolution
		HideSolutionNode = FALSE
	EndGlobalSection
	GlobalSection(ExtensibilityGlobals) = postSolution
		SolutionGuid = {B24D9C8A-D2B1-4C8E-96E3-5C3329AAC9D4}
	EndGlobalSection
EndGlobal
